
Microsoft Visual Studio Solution File, Format Version 12.00
# Visual Studio Version 17
VisualStudioVersion = 17.8.34316.72
MinimumVisualStudioVersion = 10.0.40219.1
Project("{2150E333-8FDC-42A3-9474-1A3956D46DE8}") = "src", "src", "{A82A9243-E412-4D68-A6E5-E5AED4761575}"
EndProject
Project("{2150E333-8FDC-42A3-9474-1A3956D46DE8}") = "ActivitiesManagement", "ActivitiesManagement", "{01C84AC9-1CA8-4075-B7DF-66A8C3BFE4F6}"
EndProject
Project("{2150E333-8FDC-42A3-9474-1A3956D46DE8}") = "AM.Domain", "AM.Domain", "{1DB2E936-280C-493C-93EB-0076A8BBB22D}"
EndProject
Project("{9A19103F-16F7-4668-BE54-9A1E7A4F7556}") = "ActivitiesManagement.Domain", "ActivitiesManagement.Domain\ActivitiesManagement.Domain.csproj", "{74365457-2FEE-457F-98D5-5A3B5678EDDE}"
EndProject
Project("{2150E333-8FDC-42A3-9474-1A3956D46DE8}") = "AM.Infrastructure", "AM.Infrastructure", "{D0324935-6B41-477D-A90D-62D4F0EEDF1F}"
EndProject
Project("{FAE04EC0-301F-11D3-BF4B-00C04F79EFBC}") = "ActivitiesManagement.Infrastructure.EFCore", "ActivitiesManagement.Infrastructure.EFCore\ActivitiesManagement.Infrastructure.EFCore.csproj", "{0A47D928-80A1-4F05-B0EC-C2C70CE56DCA}"
EndProject
Project("{FAE04EC0-301F-11D3-BF4B-00C04F79EFBC}") = "ActivitiesManagement.Infrastructure.Configuration", "ActivitiesManagement.Infrastructure.Configuration\ActivitiesManagement.Infrastructure.Configuration.csproj", "{92FD286C-76A7-456A-9F2C-84107DC95CAA}"
EndProject
Global
	GlobalSection(SolutionConfigurationPlatforms) = preSolution
		Debug|Any CPU = Debug|Any CPU
		Release|Any CPU = Release|Any CPU
	EndGlobalSection
	GlobalSection(ProjectConfigurationPlatforms) = postSolution
		{74365457-2FEE-457F-98D5-5A3B5678EDDE}.Debug|Any CPU.ActiveCfg = Debug|Any CPU
		{74365457-2FEE-457F-98D5-5A3B5678EDDE}.Debug|Any CPU.Build.0 = Debug|Any CPU
		{74365457-2FEE-457F-98D5-5A3B5678EDDE}.Release|Any CPU.ActiveCfg = Release|Any CPU
		{74365457-2FEE-457F-98D5-5A3B5678EDDE}.Release|Any CPU.Build.0 = Release|Any CPU
		{0A47D928-80A1-4F05-B0EC-C2C70CE56DCA}.Debug|Any CPU.ActiveCfg = Debug|Any CPU
		{0A47D928-80A1-4F05-B0EC-C2C70CE56DCA}.Debug|Any CPU.Build.0 = Debug|Any CPU
		{0A47D928-80A1-4F05-B0EC-C2C70CE56DCA}.Release|Any CPU.ActiveCfg = Release|Any CPU
		{0A47D928-80A1-4F05-B0EC-C2C70CE56DCA}.Release|Any CPU.Build.0 = Release|Any CPU
		{92FD286C-76A7-456A-9F2C-84107DC95CAA}.Debug|Any CPU.ActiveCfg = Debug|Any CPU
		{92FD286C-76A7-456A-9F2C-84107DC95CAA}.Debug|Any CPU.Build.0 = Debug|Any CPU
		{92FD286C-76A7-456A-9F2C-84107DC95CAA}.Release|Any CPU.ActiveCfg = Release|Any CPU
		{92FD286C-76A7-456A-9F2C-84107DC95CAA}.Release|Any CPU.Build.0 = Release|Any CPU
	EndGlobalSection
	GlobalSection(SolutionProperties) = preSolution
		HideSolutionNode = FALSE
	EndGlobalSection
	GlobalSection(NestedProjects) = preSolution
		{01C84AC9-1CA8-4075-B7DF-66A8C3BFE4F6} = {A82A9243-E412-4D68-A6E5-E5AED4761575}
		{1DB2E936-280C-493C-93EB-0076A8BBB22D} = {01C84AC9-1CA8-4075-B7DF-66A8C3BFE4F6}
		{74365457-2FEE-457F-98D5-5A3B5678EDDE} = {1DB2E936-280C-493C-93EB-0076A8BBB22D}
		{D0324935-6B41-477D-A90D-62D4F0EEDF1F} = {01C84AC9-1CA8-4075-B7DF-66A8C3BFE4F6}
		{0A47D928-80A1-4F05-B0EC-C2C70CE56DCA} = {D0324935-6B41-477D-A90D-62D4F0EEDF1F}
		{92FD286C-76A7-456A-9F2C-84107DC95CAA} = {D0324935-6B41-477D-A90D-62D4F0EEDF1F}
	EndGlobalSection
	GlobalSection(ExtensibilityGlobals) = postSolution
		SolutionGuid = {42B69789-CE1D-474C-BD1F-23F5663FF4E8}
	EndGlobalSection
EndGlobal
